
Microsoft Visual Studio Solution File, Format Version 12.00
# Visual Studio Version 17
VisualStudioVersion = 17.0.32112.339
MinimumVisualStudioVersion = 10.0.40219.1
Project("{FAE04EC0-301F-11D3-BF4B-00C04F79EFBC}") = "Core", "Core\Core.csproj", "{31696446-8159-47AA-9503-82CD9969F730}"
EndProject
Project("{FAE04EC0-301F-11D3-BF4B-00C04F79EFBC}") = "DataAccess", "DataAccess\DataAccess.csproj", "{C051AF25-93B4-4517-9EF8-E1DD15496EBA}"
EndProject
Global
	GlobalSection(SolutionConfigurationPlatforms) = preSolution
		Debug|Any CPU = Debug|Any CPU
		Release|Any CPU = Release|Any CPU
	EndGlobalSection
	GlobalSection(ProjectConfigurationPlatforms) = postSolution
		{31696446-8159-47AA-9503-82CD9969F730}.Debug|Any CPU.ActiveCfg = Debug|Any CPU
		{31696446-8159-47AA-9503-82CD9969F730}.Debug|Any CPU.Build.0 = Debug|Any CPU
		{31696446-8159-47AA-9503-82CD9969F730}.Release|Any CPU.ActiveCfg = Release|Any CPU
		{31696446-8159-47AA-9503-82CD9969F730}.Release|Any CPU.Build.0 = Release|Any CPU
		{C051AF25-93B4-4517-9EF8-E1DD15496EBA}.Debug|Any CPU.ActiveCfg = Debug|Any CPU
		{C051AF25-93B4-4517-9EF8-E1DD15496EBA}.Debug|Any CPU.Build.0 = Debug|Any CPU
		{C051AF25-93B4-4517-9EF8-E1DD15496EBA}.Release|Any CPU.ActiveCfg = Release|Any CPU
		{C051AF25-93B4-4517-9EF8-E1DD15496EBA}.Release|Any CPU.Build.0 = Release|Any CPU
	EndGlobalSection
	GlobalSection(SolutionProperties) = preSolution
		HideSolutionNode = FALSE
	EndGlobalSection
	GlobalSection(ExtensibilityGlobals) = postSolution
		SolutionGuid = {3DDC9767-5E82-4E54-8028-F4AEEF01C67A}
	EndGlobalSection
EndGlobal
